
Microsoft Visual Studio Solution File, Format Version 12.00
# Visual Studio Version 16
VisualStudioVersion = 16.0.31702.278
MinimumVisualStudioVersion = 10.0.40219.1
Project("{9A19103F-16F7-4668-BE54-9A1E7A4F7556}") = "CSharp", "CSharp.csproj", "{B434548D-1DF0-43BA-8D2B-D90140C0276E}"
EndProject
Global
	GlobalSection(SolutionConfigurationPlatforms) = preSolution
		Debug|Any CPU = Debug|Any CPU
		Release|Any CPU = Release|Any CPU
	EndGlobalSection
	GlobalSection(ProjectConfigurationPlatforms) = postSolution
		{B434548D-1DF0-43BA-8D2B-D90140C0276E}.Debug|Any CPU.ActiveCfg = Debug|Any CPU
		{B434548D-1DF0-43BA-8D2B-D90140C0276E}.Debug|Any CPU.Build.0 = Debug|Any CPU
		{B434548D-1DF0-43BA-8D2B-D90140C0276E}.Release|Any CPU.ActiveCfg = Release|Any CPU
		{B434548D-1DF0-43BA-8D2B-D90140C0276E}.Release|Any CPU.Build.0 = Release|Any CPU
	EndGlobalSection
	GlobalSection(SolutionProperties) = preSolution
		HideSolutionNode = FALSE
	EndGlobalSection
	GlobalSection(ExtensibilityGlobals) = postSolution
		SolutionGuid = {7E69F031-D399-47F3-9B39-5B4B551010FE}
	EndGlobalSection
EndGlobal
